# THIS IS AN AUTOGENERATED FILE. DO NOT EDIT THIS FILE DIRECTLY.
# yarn lockfile v1


ast-types@0.11.7:
  version "0.11.7"
  resolved "https://registry.yarnpkg.com/ast-types/-/ast-types-0.11.7.tgz#f318bf44e339db6a320be0009ded64ec1471f46c"

esprima@~4.0.0:
  version "4.0.1"
  resolved "https://registry.yarnpkg.com/esprima/-/esprima-4.0.1.tgz#13b04cdb3e6c5d19df91ab6987a8695619b0aa71"

graphql@^14.1.1:
  version "14.1.1"
  resolved "https://registry.yarnpkg.com/graphql/-/graphql-14.1.1.tgz#d5d77df4b19ef41538d7215d1e7a28834619fac0"
  dependencies:
    iterall "^1.2.2"

iterall@^1.2.2:
  version "1.2.2"
  resolved "https://registry.yarnpkg.com/iterall/-/iterall-1.2.2.tgz#92d70deb8028e0c39ff3164fdbf4d8b088130cd7"

node-fetch@^2.3.0:
  version "2.3.0"
  resolved "https://registry.yarnpkg.com/node-fetch/-/node-fetch-2.3.0.tgz#1a1d940bbfb916a1d3e0219f037e89e71f8c5fa5"

private@~0.1.5:
  version "0.1.8"
  resolved "https://registry.yarnpkg.com/private/-/private-0.1.8.tgz#2381edb3689f7a53d653190060fcf822d2f368ff"

recast@^0.16.2:
  version "0.16.2"
  resolved "https://registry.yarnpkg.com/recast/-/recast-0.16.2.tgz#3796ebad5fe49ed85473b479cd6df554ad725dc2"
  dependencies:
    ast-types "0.11.7"
    esprima "~4.0.0"
    private "~0.1.5"
    source-map "~0.6.1"

source-map@~0.6.1:
  version "0.6.1"
  resolved "https://registry.yarnpkg.com/source-map/-/source-map-0.6.1.tgz#74722af32e9614e9c287a8d0bbde48b5e2f1a263"
